
Microsoft Visual Studio Solution File, Format Version 11.00
# Visual Studio 2010
Project("{FAE04EC0-301F-11D3-BF4B-00C04F79EFBC}") = "BulletXNA-Windows", "BulletXNA\BulletXNA\BulletXNA-Windows.csproj", "{4E1937EE-3139-44CB-989D-F050BC099CE6}"
EndProject
Project("{FAE04EC0-301F-11D3-BF4B-00C04F79EFBC}") = "IlluminatiContentClasses", "IlluminatiContentClasses\IlluminatiContentClasses.csproj", "{B62A8A21-3F1A-4953-8394-3A22DD8E2CA8}"
EndProject
Project("{FAE04EC0-301F-11D3-BF4B-00C04F79EFBC}") = "IlluminatiContentPipelineExtension", "IlluminatiContentPipelineExtension\IlluminatiContentPipelineExtension.csproj", "{9E47E806-1584-451E-B4EB-784C9F3DF752}"
EndProject
Project("{FAE04EC0-301F-11D3-BF4B-00C04F79EFBC}") = "IlluminatiEngine", "IlluminatiEngine\IlluminatiEngine.csproj", "{D506A25B-82A1-48E6-BC13-B0E8F3F880DA}"
EndProject
Project("{FAE04EC0-301F-11D3-BF4B-00C04F79EFBC}") = "IlluminatiEngineContent", "IlluminatiEngineContent\IlluminatiEngineContent.contentproj", "{0C60C361-4DFD-425D-8F12-198D8FBBCDB9}"
EndProject
Project("{FAE04EC0-301F-11D3-BF4B-00C04F79EFBC}") = "ParallelTasks", "ParallelTasks\ParallelTasks\ParallelTasks.csproj", "{D0B69D3D-70AD-4C7C-BEFB-AFF902AB9BD2}"
EndProject
Global
	GlobalSection(SolutionConfigurationPlatforms) = preSolution
		Debug|Any CPU = Debug|Any CPU
		Debug|x86 = Debug|x86
		Release|Any CPU = Release|Any CPU
		Release|x86 = Release|x86
	EndGlobalSection
	GlobalSection(ProjectConfigurationPlatforms) = postSolution
		{4E1937EE-3139-44CB-989D-F050BC099CE6}.Debug|Any CPU.ActiveCfg = Debug|x86
		{4E1937EE-3139-44CB-989D-F050BC099CE6}.Debug|x86.ActiveCfg = Debug|x86
		{4E1937EE-3139-44CB-989D-F050BC099CE6}.Debug|x86.Build.0 = Debug|x86
		{4E1937EE-3139-44CB-989D-F050BC099CE6}.Release|Any CPU.ActiveCfg = Release|x86
		{4E1937EE-3139-44CB-989D-F050BC099CE6}.Release|x86.ActiveCfg = Release|x86
		{4E1937EE-3139-44CB-989D-F050BC099CE6}.Release|x86.Build.0 = Release|x86
		{B62A8A21-3F1A-4953-8394-3A22DD8E2CA8}.Debug|Any CPU.ActiveCfg = Debug|x86
		{B62A8A21-3F1A-4953-8394-3A22DD8E2CA8}.Debug|x86.ActiveCfg = Debug|x86
		{B62A8A21-3F1A-4953-8394-3A22DD8E2CA8}.Debug|x86.Build.0 = Debug|x86
		{B62A8A21-3F1A-4953-8394-3A22DD8E2CA8}.Release|Any CPU.ActiveCfg = Release|x86
		{B62A8A21-3F1A-4953-8394-3A22DD8E2CA8}.Release|x86.ActiveCfg = Release|x86
		{B62A8A21-3F1A-4953-8394-3A22DD8E2CA8}.Release|x86.Build.0 = Release|x86
		{9E47E806-1584-451E-B4EB-784C9F3DF752}.Debug|Any CPU.ActiveCfg = Debug|x86
		{9E47E806-1584-451E-B4EB-784C9F3DF752}.Debug|x86.ActiveCfg = Debug|x86
		{9E47E806-1584-451E-B4EB-784C9F3DF752}.Debug|x86.Build.0 = Debug|x86
		{9E47E806-1584-451E-B4EB-784C9F3DF752}.Release|Any CPU.ActiveCfg = Debug|x86
		{9E47E806-1584-451E-B4EB-784C9F3DF752}.Release|x86.ActiveCfg = Debug|x86
		{9E47E806-1584-451E-B4EB-784C9F3DF752}.Release|x86.Build.0 = Debug|x86
		{D506A25B-82A1-48E6-BC13-B0E8F3F880DA}.Debug|Any CPU.ActiveCfg = Debug|x86
		{D506A25B-82A1-48E6-BC13-B0E8F3F880DA}.Debug|x86.ActiveCfg = Debug|x86
		{D506A25B-82A1-48E6-BC13-B0E8F3F880DA}.Debug|x86.Build.0 = Debug|x86
		{D506A25B-82A1-48E6-BC13-B0E8F3F880DA}.Release|Any CPU.ActiveCfg = Release|x86
		{D506A25B-82A1-48E6-BC13-B0E8F3F880DA}.Release|x86.ActiveCfg = Release|x86
		{D506A25B-82A1-48E6-BC13-B0E8F3F880DA}.Release|x86.Build.0 = Release|x86
		{0C60C361-4DFD-425D-8F12-198D8FBBCDB9}.Debug|Any CPU.ActiveCfg = Debug|Any CPU
		{0C60C361-4DFD-425D-8F12-198D8FBBCDB9}.Debug|x86.ActiveCfg = Debug|Any CPU
		{0C60C361-4DFD-425D-8F12-198D8FBBCDB9}.Release|Any CPU.ActiveCfg = Debug|Any CPU
		{0C60C361-4DFD-425D-8F12-198D8FBBCDB9}.Release|x86.ActiveCfg = Debug|Any CPU
		{D0B69D3D-70AD-4C7C-BEFB-AFF902AB9BD2}.Debug|Any CPU.ActiveCfg = Debug|x86
		{D0B69D3D-70AD-4C7C-BEFB-AFF902AB9BD2}.Debug|x86.ActiveCfg = Debug|x86
		{D0B69D3D-70AD-4C7C-BEFB-AFF902AB9BD2}.Debug|x86.Build.0 = Debug|x86
		{D0B69D3D-70AD-4C7C-BEFB-AFF902AB9BD2}.Release|Any CPU.ActiveCfg = Release|x86
		{D0B69D3D-70AD-4C7C-BEFB-AFF902AB9BD2}.Release|x86.ActiveCfg = Release|x86
		{D0B69D3D-70AD-4C7C-BEFB-AFF902AB9BD2}.Release|x86.Build.0 = Release|x86
	EndGlobalSection
	GlobalSection(SolutionProperties) = preSolution
		HideSolutionNode = FALSE
	EndGlobalSection
EndGlobal
